
Microsoft Visual Studio Solution File, Format Version 12.00
# Visual Studio Version 17
VisualStudioVersion = 17.9.34526.213
MinimumVisualStudioVersion = 10.0.40219.1
Project("{9A19103F-16F7-4668-BE54-9A1E7A4F7556}") = "Sheenam.Api", "Sheenam.Api\Sheenam.Api.csproj", "{E80102CB-6741-4D5D-8FF3-C90CC08627EC}"
EndProject
Project("{9A19103F-16F7-4668-BE54-9A1E7A4F7556}") = "Sheenam.Api.Unit.Tests.Project", "Sheenam.Api.Unit.Tests.Project\Sheenam.Api.Unit.Tests.Project.csproj", "{87C37B17-BCA5-4398-8BA6-25F164CC947D}"
EndProject
Global
	GlobalSection(SolutionConfigurationPlatforms) = preSolution
		Debug|Any CPU = Debug|Any CPU
		Release|Any CPU = Release|Any CPU
	EndGlobalSection
	GlobalSection(ProjectConfigurationPlatforms) = postSolution
		{E80102CB-6741-4D5D-8FF3-C90CC08627EC}.Debug|Any CPU.ActiveCfg = Debug|Any CPU
		{E80102CB-6741-4D5D-8FF3-C90CC08627EC}.Debug|Any CPU.Build.0 = Debug|Any CPU
		{E80102CB-6741-4D5D-8FF3-C90CC08627EC}.Release|Any CPU.ActiveCfg = Release|Any CPU
		{E80102CB-6741-4D5D-8FF3-C90CC08627EC}.Release|Any CPU.Build.0 = Release|Any CPU
		{87C37B17-BCA5-4398-8BA6-25F164CC947D}.Debug|Any CPU.ActiveCfg = Debug|Any CPU
		{87C37B17-BCA5-4398-8BA6-25F164CC947D}.Debug|Any CPU.Build.0 = Debug|Any CPU
		{87C37B17-BCA5-4398-8BA6-25F164CC947D}.Release|Any CPU.ActiveCfg = Release|Any CPU
		{87C37B17-BCA5-4398-8BA6-25F164CC947D}.Release|Any CPU.Build.0 = Release|Any CPU
	EndGlobalSection
	GlobalSection(SolutionProperties) = preSolution
		HideSolutionNode = FALSE
	EndGlobalSection
	GlobalSection(ExtensibilityGlobals) = postSolution
		SolutionGuid = {F4C92627-F41E-412F-8A47-FA374D2A6FC0}
	EndGlobalSection
EndGlobal
