
Microsoft Visual Studio Solution File, Format Version 12.00
# Visual Studio Version 17
VisualStudioVersion = 17.9.34526.213
MinimumVisualStudioVersion = 10.0.40219.1
Project("{9A19103F-16F7-4668-BE54-9A1E7A4F7556}") = "Sheenam.Api", "Sheenam.Api\Sheenam.Api.csproj", "{4FFF568D-98C4-4909-9733-9B88C4675A65}"
EndProject
Project("{FAE04EC0-301F-11D3-BF4B-00C04F79EFBC}") = "SheenamApi.Tests.Unit", "SheenamApi.Tests.Unit\SheenamApi.Tests.Unit.csproj", "{C4C6F759-17F8-4A53-80CD-2729571D5B02}"
EndProject
Project("{FAE04EC0-301F-11D3-BF4B-00C04F79EFBC}") = "Sheenam.Api.Infrastructure.Build", "Sheenam.Api.Infrastructure.Build\Sheenam.Api.Infrastructure.Build.csproj", "{A4ED55AD-6D48-49A9-BA1A-395E2E78E405}"
EndProject
Global
	GlobalSection(SolutionConfigurationPlatforms) = preSolution
		Debug|Any CPU = Debug|Any CPU
		Release|Any CPU = Release|Any CPU
	EndGlobalSection
	GlobalSection(ProjectConfigurationPlatforms) = postSolution
		{4FFF568D-98C4-4909-9733-9B88C4675A65}.Debug|Any CPU.ActiveCfg = Debug|Any CPU
		{4FFF568D-98C4-4909-9733-9B88C4675A65}.Debug|Any CPU.Build.0 = Debug|Any CPU
		{4FFF568D-98C4-4909-9733-9B88C4675A65}.Release|Any CPU.ActiveCfg = Release|Any CPU
		{4FFF568D-98C4-4909-9733-9B88C4675A65}.Release|Any CPU.Build.0 = Release|Any CPU
		{C4C6F759-17F8-4A53-80CD-2729571D5B02}.Debug|Any CPU.ActiveCfg = Debug|Any CPU
		{C4C6F759-17F8-4A53-80CD-2729571D5B02}.Debug|Any CPU.Build.0 = Debug|Any CPU
		{C4C6F759-17F8-4A53-80CD-2729571D5B02}.Release|Any CPU.ActiveCfg = Release|Any CPU
		{C4C6F759-17F8-4A53-80CD-2729571D5B02}.Release|Any CPU.Build.0 = Release|Any CPU
		{A4ED55AD-6D48-49A9-BA1A-395E2E78E405}.Debug|Any CPU.ActiveCfg = Debug|Any CPU
		{A4ED55AD-6D48-49A9-BA1A-395E2E78E405}.Debug|Any CPU.Build.0 = Debug|Any CPU
		{A4ED55AD-6D48-49A9-BA1A-395E2E78E405}.Release|Any CPU.ActiveCfg = Release|Any CPU
		{A4ED55AD-6D48-49A9-BA1A-395E2E78E405}.Release|Any CPU.Build.0 = Release|Any CPU
	EndGlobalSection
	GlobalSection(SolutionProperties) = preSolution
		HideSolutionNode = FALSE
	EndGlobalSection
	GlobalSection(ExtensibilityGlobals) = postSolution
		SolutionGuid = {79F3818F-42F4-4466-920B-CE22D89DFC07}
	EndGlobalSection
EndGlobal
